
Microsoft Visual Studio Solution File, Format Version 12.00
# Visual Studio 15
VisualStudioVersion = 15.0.28307.489
MinimumVisualStudioVersion = 10.0.40219.1
Project("{8BC9CEB8-8B4A-11D0-8D11-00A0C91BC942}") = "Project1", "Project1\Project1.vcxproj", "{DFD458D6-3262-4A95-BCA9-74B4DE6034C5}"
EndProject
Global
	GlobalSection(SolutionConfigurationPlatforms) = preSolution
		Debug|x64 = Debug|x64
		Debug|x86 = Debug|x86
		Release|x64 = Release|x64
		Release|x86 = Release|x86
	EndGlobalSection
	GlobalSection(ProjectConfigurationPlatforms) = postSolution
		{DFD458D6-3262-4A95-BCA9-74B4DE6034C5}.Debug|x64.ActiveCfg = Debug|x64
		{DFD458D6-3262-4A95-BCA9-74B4DE6034C5}.Debug|x64.Build.0 = Debug|x64
		{DFD458D6-3262-4A95-BCA9-74B4DE6034C5}.Debug|x86.ActiveCfg = Debug|Win32
		{DFD458D6-3262-4A95-BCA9-74B4DE6034C5}.Debug|x86.Build.0 = Debug|Win32
		{DFD458D6-3262-4A95-BCA9-74B4DE6034C5}.Release|x64.ActiveCfg = Release|x64
		{DFD458D6-3262-4A95-BCA9-74B4DE6034C5}.Release|x64.Build.0 = Release|x64
		{DFD458D6-3262-4A95-BCA9-74B4DE6034C5}.Release|x86.ActiveCfg = Release|Win32
		{DFD458D6-3262-4A95-BCA9-74B4DE6034C5}.Release|x86.Build.0 = Release|Win32
	EndGlobalSection
	GlobalSection(SolutionProperties) = preSolution
		HideSolutionNode = FALSE
	EndGlobalSection
	GlobalSection(ExtensibilityGlobals) = postSolution
		SolutionGuid = {EC700CAD-07A1-4753-9D5B-D98D2EFE8AF6}
	EndGlobalSection
EndGlobal
