
Microsoft Visual Studio Solution File, Format Version 12.00
# Visual Studio 15
VisualStudioVersion = 15.0.28307.489
MinimumVisualStudioVersion = 10.0.40219.1
Project("{8BC9CEB8-8B4A-11D0-8D11-00A0C91BC942}") = "pre10_4Pair_Edit", "pre10_4Pair_Edit\pre10_4Pair_Edit.vcxproj", "{7CA0E239-FD40-4022-BB4E-54966C7EC568}"
EndProject
Global
	GlobalSection(SolutionConfigurationPlatforms) = preSolution
		Debug|x64 = Debug|x64
		Debug|x86 = Debug|x86
		Release|x64 = Release|x64
		Release|x86 = Release|x86
	EndGlobalSection
	GlobalSection(ProjectConfigurationPlatforms) = postSolution
		{7CA0E239-FD40-4022-BB4E-54966C7EC568}.Debug|x64.ActiveCfg = Debug|x64
		{7CA0E239-FD40-4022-BB4E-54966C7EC568}.Debug|x64.Build.0 = Debug|x64
		{7CA0E239-FD40-4022-BB4E-54966C7EC568}.Debug|x86.ActiveCfg = Debug|Win32
		{7CA0E239-FD40-4022-BB4E-54966C7EC568}.Debug|x86.Build.0 = Debug|Win32
		{7CA0E239-FD40-4022-BB4E-54966C7EC568}.Release|x64.ActiveCfg = Release|x64
		{7CA0E239-FD40-4022-BB4E-54966C7EC568}.Release|x64.Build.0 = Release|x64
		{7CA0E239-FD40-4022-BB4E-54966C7EC568}.Release|x86.ActiveCfg = Release|Win32
		{7CA0E239-FD40-4022-BB4E-54966C7EC568}.Release|x86.Build.0 = Release|Win32
	EndGlobalSection
	GlobalSection(SolutionProperties) = preSolution
		HideSolutionNode = FALSE
	EndGlobalSection
	GlobalSection(ExtensibilityGlobals) = postSolution
		SolutionGuid = {08F526C8-37E7-41CF-A757-C93FE18C8B17}
	EndGlobalSection
EndGlobal
