
Microsoft Visual Studio Solution File, Format Version 12.00
# Visual Studio 15
VisualStudioVersion = 15.0.28307.489
MinimumVisualStudioVersion = 10.0.40219.1
Project("{8BC9CEB8-8B4A-11D0-8D11-00A0C91BC942}") = "pre10_1Reverse", "pre10_1Reverse\pre10_1Reverse.vcxproj", "{7A4E7E37-84F1-4573-86B5-1AC785CA8E7D}"
EndProject
Global
	GlobalSection(SolutionConfigurationPlatforms) = preSolution
		Debug|x64 = Debug|x64
		Debug|x86 = Debug|x86
		Release|x64 = Release|x64
		Release|x86 = Release|x86
	EndGlobalSection
	GlobalSection(ProjectConfigurationPlatforms) = postSolution
		{7A4E7E37-84F1-4573-86B5-1AC785CA8E7D}.Debug|x64.ActiveCfg = Debug|x64
		{7A4E7E37-84F1-4573-86B5-1AC785CA8E7D}.Debug|x64.Build.0 = Debug|x64
		{7A4E7E37-84F1-4573-86B5-1AC785CA8E7D}.Debug|x86.ActiveCfg = Debug|Win32
		{7A4E7E37-84F1-4573-86B5-1AC785CA8E7D}.Debug|x86.Build.0 = Debug|Win32
		{7A4E7E37-84F1-4573-86B5-1AC785CA8E7D}.Release|x64.ActiveCfg = Release|x64
		{7A4E7E37-84F1-4573-86B5-1AC785CA8E7D}.Release|x64.Build.0 = Release|x64
		{7A4E7E37-84F1-4573-86B5-1AC785CA8E7D}.Release|x86.ActiveCfg = Release|Win32
		{7A4E7E37-84F1-4573-86B5-1AC785CA8E7D}.Release|x86.Build.0 = Release|Win32
	EndGlobalSection
	GlobalSection(SolutionProperties) = preSolution
		HideSolutionNode = FALSE
	EndGlobalSection
	GlobalSection(ExtensibilityGlobals) = postSolution
		SolutionGuid = {67F8A1C4-6EEF-4C36-A39C-C8B6E9A2AA73}
	EndGlobalSection
EndGlobal
